// !$*UTF8*$!
{
	archiveVersion = 1;
	classes = {
	};
	objectVersion = 46;
	objects = {

/* Begin PBXBuildFile section */
		E603089F1B1FAC5600FDE9E6 /* CaseType.swift in Sources */ = {isa = PBXBuildFile; fileRef = E603089E1B1FAC5600FDE9E6 /* CaseType.swift */; };
		E60857EF1D0470490009D83E /* QuickJumpTests.swift in Sources */ = {isa = PBXBuildFile; fileRef = E60857EE1D0470490009D83E /* QuickJumpTests.swift */; };
		E61D599A1D0493B8003A818C /* SequenceUtilsTests.swift in Sources */ = {isa = PBXBuildFile; fileRef = E61D59991D0493B8003A818C /* SequenceUtilsTests.swift */; };
		E61D599E1D049979003A818C /* SequenceTypeUtils.swift in Sources */ = {isa = PBXBuildFile; fileRef = E64DCE921B1CCF790040EA53 /* SequenceTypeUtils.swift */; };
		E6420C741B163B0B00699FC0 /* NSTextViewUtils.swift in Sources */ = {isa = PBXBuildFile; fileRef = E6420C731B163B0B00699FC0 /* NSTextViewUtils.swift */; };
		E648D64B1B1FA85000098ED6 /* SettingsManager.swift in Sources */ = {isa = PBXBuildFile; fileRef = E648D64A1B1FA85000098ED6 /* SettingsManager.swift */; };
		E64B172A1B17C1C0002B389B /* Candidate.swift in Sources */ = {isa = PBXBuildFile; fileRef = E64B17291B17C1C0002B389B /* Candidate.swift */; };
		E64B172E1B17C40D002B389B /* CandidateLabelsPresenter.swift in Sources */ = {isa = PBXBuildFile; fileRef = E64B172D1B17C40D002B389B /* CandidateLabelsPresenter.swift */; };
		E64B17321B17D136002B389B /* CandidateInfo.swift in Sources */ = {isa = PBXBuildFile; fileRef = E64B17311B17D136002B389B /* CandidateInfo.swift */; };
		E64DCE931B1CCF790040EA53 /* SequenceTypeUtils.swift in Sources */ = {isa = PBXBuildFile; fileRef = E64DCE921B1CCF790040EA53 /* SequenceTypeUtils.swift */; };
		E6579F281B13C6A8000212D9 /* QuickJump.xcscheme in Resources */ = {isa = PBXBuildFile; fileRef = E6579F271B13C6A8000212D9 /* QuickJump.xcscheme */; };
		E6579F2A1B13C6A8000212D9 /* QuickJump.swift in Sources */ = {isa = PBXBuildFile; fileRef = E6579F291B13C6A8000212D9 /* QuickJump.swift */; };
		E65C547C1D04EF5E001CB01F /* init.swift in Sources */ = {isa = PBXBuildFile; fileRef = E65C547B1D04EF5E001CB01F /* init.swift */; };
		E65CD2621CF9DCB800F94D84 /* Storage.swift in Sources */ = {isa = PBXBuildFile; fileRef = E65CD2611CF9DCB800F94D84 /* Storage.swift */; };
		E65CD2641CF9DCF700F94D84 /* Coding.swift in Sources */ = {isa = PBXBuildFile; fileRef = E65CD2631CF9DCF700F94D84 /* Coding.swift */; };
		E667787C1B20DA230016C708 /* CandidateTextView.swift in Sources */ = {isa = PBXBuildFile; fileRef = E667787B1B20DA230016C708 /* CandidateTextView.swift */; };
		E678AFD11B98968300FC3FE5 /* NSCharacterSet+Utils.swift in Sources */ = {isa = PBXBuildFile; fileRef = E678AFD01B98968300FC3FE5 /* NSCharacterSet+Utils.swift */; };
		E68CEC5F1B221C6600C5024C /* Alphabet.swift in Sources */ = {isa = PBXBuildFile; fileRef = E68CEC5E1B221C6600C5024C /* Alphabet.swift */; };
		E6941F6E1CFCB16700D37404 /* CandidateLabelsInteractor.swift in Sources */ = {isa = PBXBuildFile; fileRef = E6941F6D1CFCB16700D37404 /* CandidateLabelsInteractor.swift */; };
		E694A87A1B166B3D0072B0B9 /* SingleCharTextField.swift in Sources */ = {isa = PBXBuildFile; fileRef = E694A8791B166B3D0072B0B9 /* SingleCharTextField.swift */; };
		E6B8D2E61CFA1365005D1AE3 /* IndexesSequence.swift in Sources */ = {isa = PBXBuildFile; fileRef = E6B8D2E51CFA1365005D1AE3 /* IndexesSequence.swift */; };
		E6B9F3641B1CD42B00CCB9F8 /* CandidateLabelType.swift in Sources */ = {isa = PBXBuildFile; fileRef = E6B9F3631B1CD42B00CCB9F8 /* CandidateLabelType.swift */; };
		E6C713641B16895C00E18014 /* JumpController.swift in Sources */ = {isa = PBXBuildFile; fileRef = E6C713631B16895C00E18014 /* JumpController.swift */; };
		E6C713661B168B7E00E18014 /* DVTSourceTextView.swift in Sources */ = {isa = PBXBuildFile; fileRef = E6C713651B168B7E00E18014 /* DVTSourceTextView.swift */; };
		E6C713681B168F7900E18014 /* StringUtils.swift in Sources */ = {isa = PBXBuildFile; fileRef = E6C713671B168F7900E18014 /* StringUtils.swift */; };
		E6C73D371B13D188001305E0 /* DVTKit.framework in Frameworks */ = {isa = PBXBuildFile; fileRef = E6C73D341B13CF9D001305E0 /* DVTKit.framework */; };
		E6C73D381B13D188001305E0 /* DVTFoundation.framework in Frameworks */ = {isa = PBXBuildFile; fileRef = E6C73D321B13CF97001305E0 /* DVTFoundation.framework */; };
		E6C73D391B13D188001305E0 /* IDEFoundation.framework in Frameworks */ = {isa = PBXBuildFile; fileRef = E6C73D2E1B13CF8F001305E0 /* IDEFoundation.framework */; };
		E6C73D3A1B13D188001305E0 /* IDEKit.framework in Frameworks */ = {isa = PBXBuildFile; fileRef = E6C73D2F1B13CF8F001305E0 /* IDEKit.framework */; };
		E6C919281B1BC04000E7236A /* Functions.swift in Sources */ = {isa = PBXBuildFile; fileRef = E6C919271B1BC04000E7236A /* Functions.swift */; };
		E6FD2D131B1CD57F00177B71 /* CandidateLabelFactory.swift in Sources */ = {isa = PBXBuildFile; fileRef = E6FD2D121B1CD57F00177B71 /* CandidateLabelFactory.swift */; };
/* End PBXBuildFile section */

/* Begin PBXFileReference section */
		E603089E1B1FAC5600FDE9E6 /* CaseType.swift */ = {isa = PBXFileReference; fileEncoding = 4; lastKnownFileType = sourcecode.swift; path = CaseType.swift; sourceTree = "<group>"; };
		E60857EC1D0470490009D83E /* QuickJumpTests.xctest */ = {isa = PBXFileReference; explicitFileType = wrapper.cfbundle; includeInIndex = 0; path = QuickJumpTests.xctest; sourceTree = BUILT_PRODUCTS_DIR; };
		E60857EE1D0470490009D83E /* QuickJumpTests.swift */ = {isa = PBXFileReference; lastKnownFileType = sourcecode.swift; path = QuickJumpTests.swift; sourceTree = "<group>"; };
		E60857F01D0470490009D83E /* Info.plist */ = {isa = PBXFileReference; lastKnownFileType = text.plist.xml; path = Info.plist; sourceTree = "<group>"; };
		E61D59991D0493B8003A818C /* SequenceUtilsTests.swift */ = {isa = PBXFileReference; fileEncoding = 4; lastKnownFileType = sourcecode.swift; path = SequenceUtilsTests.swift; sourceTree = "<group>"; };
		E6420C731B163B0B00699FC0 /* NSTextViewUtils.swift */ = {isa = PBXFileReference; fileEncoding = 4; lastKnownFileType = sourcecode.swift; path = NSTextViewUtils.swift; sourceTree = "<group>"; };
		E648D64A1B1FA85000098ED6 /* SettingsManager.swift */ = {isa = PBXFileReference; fileEncoding = 4; lastKnownFileType = sourcecode.swift; path = SettingsManager.swift; sourceTree = "<group>"; };
		E64B17291B17C1C0002B389B /* Candidate.swift */ = {isa = PBXFileReference; fileEncoding = 4; lastKnownFileType = sourcecode.swift; path = Candidate.swift; sourceTree = "<group>"; };
		E64B172D1B17C40D002B389B /* CandidateLabelsPresenter.swift */ = {isa = PBXFileReference; fileEncoding = 4; lastKnownFileType = sourcecode.swift; path = CandidateLabelsPresenter.swift; sourceTree = "<group>"; };
		E64B17311B17D136002B389B /* CandidateInfo.swift */ = {isa = PBXFileReference; fileEncoding = 4; lastKnownFileType = sourcecode.swift; path = CandidateInfo.swift; sourceTree = "<group>"; };
		E64DCE921B1CCF790040EA53 /* SequenceTypeUtils.swift */ = {isa = PBXFileReference; fileEncoding = 4; lastKnownFileType = sourcecode.swift; path = SequenceTypeUtils.swift; sourceTree = "<group>"; };
		E6579F221B13C6A8000212D9 /* QuickJump.xcplugin */ = {isa = PBXFileReference; explicitFileType = wrapper.cfbundle; includeInIndex = 0; path = QuickJump.xcplugin; sourceTree = BUILT_PRODUCTS_DIR; };
		E6579F261B13C6A8000212D9 /* Info.plist */ = {isa = PBXFileReference; lastKnownFileType = text.plist.xml; path = Info.plist; sourceTree = "<group>"; };
		E6579F271B13C6A8000212D9 /* QuickJump.xcscheme */ = {isa = PBXFileReference; lastKnownFileType = text.xml; name = QuickJump.xcscheme; path = QuickJump.xcodeproj/xcshareddata/xcschemes/QuickJump.xcscheme; sourceTree = SOURCE_ROOT; };
		E6579F291B13C6A8000212D9 /* QuickJump.swift */ = {isa = PBXFileReference; lastKnownFileType = sourcecode.swift; path = QuickJump.swift; sourceTree = "<group>"; };
		E65C547B1D04EF5E001CB01F /* init.swift */ = {isa = PBXFileReference; fileEncoding = 4; lastKnownFileType = sourcecode.swift; path = init.swift; sourceTree = "<group>"; };
		E65CD2611CF9DCB800F94D84 /* Storage.swift */ = {isa = PBXFileReference; fileEncoding = 4; lastKnownFileType = sourcecode.swift; path = Storage.swift; sourceTree = "<group>"; };
		E65CD2631CF9DCF700F94D84 /* Coding.swift */ = {isa = PBXFileReference; fileEncoding = 4; lastKnownFileType = sourcecode.swift; path = Coding.swift; sourceTree = "<group>"; };
		E66243F41CF7A4E800A0D12C /* IDEEditorArea.h */ = {isa = PBXFileReference; lastKnownFileType = sourcecode.c.h; name = IDEEditorArea.h; path = "submodules/xcode-headers/IDEKit/IDEEditorArea.h"; sourceTree = SOURCE_ROOT; };
		E66243F51CF7A52F00A0D12C /* IDEEditorContext.h */ = {isa = PBXFileReference; lastKnownFileType = sourcecode.c.h; name = IDEEditorContext.h; path = "submodules/xcode-headers/IDEKit/IDEEditorContext.h"; sourceTree = SOURCE_ROOT; };
		E66243F61CF7A57A00A0D12C /* IDEEditor.h */ = {isa = PBXFileReference; lastKnownFileType = sourcecode.c.h; name = IDEEditor.h; path = "submodules/xcode-headers/IDEKit/IDEEditor.h"; sourceTree = SOURCE_ROOT; };
		E66243F71CF7A84000A0D12C /* DVTFontAndColorTheme.h */ = {isa = PBXFileReference; lastKnownFileType = sourcecode.c.h; name = DVTFontAndColorTheme.h; path = "submodules/xcode-headers/DVTKit/DVTFontAndColorTheme.h"; sourceTree = SOURCE_ROOT; };
		E667787B1B20DA230016C708 /* CandidateTextView.swift */ = {isa = PBXFileReference; fileEncoding = 4; lastKnownFileType = sourcecode.swift; path = CandidateTextView.swift; sourceTree = "<group>"; };
		E673F0531CF7922A00567B22 /* DVTSourceTextView.h */ = {isa = PBXFileReference; lastKnownFileType = sourcecode.c.h; name = DVTSourceTextView.h; path = "submodules/xcode-headers/DVTKit/DVTSourceTextView.h"; sourceTree = SOURCE_ROOT; };
		E673F0541CF7925200567B22 /* DVTCompletingTextView.h */ = {isa = PBXFileReference; lastKnownFileType = sourcecode.c.h; name = DVTCompletingTextView.h; path = "submodules/xcode-headers/DVTKit/DVTCompletingTextView.h"; sourceTree = SOURCE_ROOT; };
		E673F05D1CF79C6B00567B22 /* DVTTextView.h */ = {isa = PBXFileReference; lastKnownFileType = sourcecode.c.h; name = DVTTextView.h; path = "submodules/xcode-headers/DVTKit/DVTTextView.h"; sourceTree = SOURCE_ROOT; };
		E673F05E1CF79C8C00567B22 /* IDEWorkspaceWindowController.h */ = {isa = PBXFileReference; lastKnownFileType = sourcecode.c.h; name = IDEWorkspaceWindowController.h; path = "submodules/xcode-headers/IDEKit/IDEWorkspaceWindowController.h"; sourceTree = SOURCE_ROOT; };
		E673F05F1CF79D8200567B22 /* IDEEditorAreaContainer.h */ = {isa = PBXFileReference; lastKnownFileType = sourcecode.c.h; name = IDEEditorAreaContainer.h; path = "submodules/xcode-headers/IDEKit/IDEEditorAreaContainer.h"; sourceTree = SOURCE_ROOT; };
		E673F0611CF79DC700567B22 /* IDEViewController.h */ = {isa = PBXFileReference; lastKnownFileType = sourcecode.c.h; name = IDEViewController.h; path = "submodules/xcode-headers/IDEKit/IDEViewController.h"; sourceTree = SOURCE_ROOT; };
		E673F0621CF79DD700567B22 /* DVTViewController.h */ = {isa = PBXFileReference; lastKnownFileType = sourcecode.c.h; name = DVTViewController.h; path = "submodules/xcode-headers/DVTKit/DVTViewController.h"; sourceTree = SOURCE_ROOT; };
		E678AFD01B98968300FC3FE5 /* NSCharacterSet+Utils.swift */ = {isa = PBXFileReference; fileEncoding = 4; lastKnownFileType = sourcecode.swift; path = "NSCharacterSet+Utils.swift"; sourceTree = "<group>"; };
		E68CEC5E1B221C6600C5024C /* Alphabet.swift */ = {isa = PBXFileReference; fileEncoding = 4; lastKnownFileType = sourcecode.swift; path = Alphabet.swift; sourceTree = "<group>"; };
		E6941F6D1CFCB16700D37404 /* CandidateLabelsInteractor.swift */ = {isa = PBXFileReference; fileEncoding = 4; lastKnownFileType = sourcecode.swift; path = CandidateLabelsInteractor.swift; sourceTree = "<group>"; };
		E694A8791B166B3D0072B0B9 /* SingleCharTextField.swift */ = {isa = PBXFileReference; fileEncoding = 4; lastKnownFileType = sourcecode.swift; path = SingleCharTextField.swift; sourceTree = "<group>"; };
		E6B8D2E51CFA1365005D1AE3 /* IndexesSequence.swift */ = {isa = PBXFileReference; fileEncoding = 4; lastKnownFileType = sourcecode.swift; path = IndexesSequence.swift; sourceTree = "<group>"; };
		E6B9F3631B1CD42B00CCB9F8 /* CandidateLabelType.swift */ = {isa = PBXFileReference; fileEncoding = 4; lastKnownFileType = sourcecode.swift; path = CandidateLabelType.swift; sourceTree = "<group>"; };
		E6C713631B16895C00E18014 /* JumpController.swift */ = {isa = PBXFileReference; fileEncoding = 4; lastKnownFileType = sourcecode.swift; path = JumpController.swift; sourceTree = "<group>"; };
		E6C713651B168B7E00E18014 /* DVTSourceTextView.swift */ = {isa = PBXFileReference; fileEncoding = 4; lastKnownFileType = sourcecode.swift; path = DVTSourceTextView.swift; sourceTree = "<group>"; };
		E6C713671B168F7900E18014 /* StringUtils.swift */ = {isa = PBXFileReference; fileEncoding = 4; lastKnownFileType = sourcecode.swift; path = StringUtils.swift; sourceTree = "<group>"; };
		E6C73D2C1B13CD27001305E0 /* QuickJump-Bridging-Header.h */ = {isa = PBXFileReference; lastKnownFileType = sourcecode.c.h; path = "QuickJump-Bridging-Header.h"; sourceTree = "<group>"; };
		E6C73D2E1B13CF8F001305E0 /* IDEFoundation.framework */ = {isa = PBXFileReference; lastKnownFileType = wrapper.framework; name = IDEFoundation.framework; path = /Applications/Xcode.app/Contents/Frameworks/IDEFoundation.framework; sourceTree = "<absolute>"; };
		E6C73D2F1B13CF8F001305E0 /* IDEKit.framework */ = {isa = PBXFileReference; lastKnownFileType = wrapper.framework; name = IDEKit.framework; path = /Applications/Xcode.app/Contents/Frameworks/IDEKit.framework; sourceTree = "<absolute>"; };
		E6C73D321B13CF97001305E0 /* DVTFoundation.framework */ = {isa = PBXFileReference; lastKnownFileType = wrapper.framework; name = DVTFoundation.framework; path = /Applications/Xcode.app/Contents/SharedFrameworks/DVTFoundation.framework; sourceTree = "<absolute>"; };
		E6C73D341B13CF9D001305E0 /* DVTKit.framework */ = {isa = PBXFileReference; lastKnownFileType = wrapper.framework; name = DVTKit.framework; path = /Applications/Xcode.app/Contents/SharedFrameworks/DVTKit.framework; sourceTree = "<absolute>"; };
		E6C919271B1BC04000E7236A /* Functions.swift */ = {isa = PBXFileReference; fileEncoding = 4; lastKnownFileType = sourcecode.swift; path = Functions.swift; sourceTree = "<group>"; };
		E6FD2D121B1CD57F00177B71 /* CandidateLabelFactory.swift */ = {isa = PBXFileReference; fileEncoding = 4; lastKnownFileType = sourcecode.swift; path = CandidateLabelFactory.swift; sourceTree = "<group>"; };
/* End PBXFileReference section */

/* Begin PBXFrameworksBuildPhase section */
		E60857E91D0470490009D83E /* Frameworks */ = {
			isa = PBXFrameworksBuildPhase;
			buildActionMask = 2147483647;
			files = (
			);
			runOnlyForDeploymentPostprocessing = 0;
		};
		E6C73D2D1B13CF70001305E0 /* Frameworks */ = {
			isa = PBXFrameworksBuildPhase;
			buildActionMask = 2147483647;
			files = (
				E6C73D371B13D188001305E0 /* DVTKit.framework in Frameworks */,
				E6C73D381B13D188001305E0 /* DVTFoundation.framework in Frameworks */,
				E6C73D391B13D188001305E0 /* IDEFoundation.framework in Frameworks */,
				E6C73D3A1B13D188001305E0 /* IDEKit.framework in Frameworks */,
			);
			runOnlyForDeploymentPostprocessing = 0;
		};
/* End PBXFrameworksBuildPhase section */

/* Begin PBXGroup section */
		E60288371B23A34F003065BA /* Model */ = {
			isa = PBXGroup;
			children = (
				E64B17291B17C1C0002B389B /* Candidate.swift */,
				E6B8D2E51CFA1365005D1AE3 /* IndexesSequence.swift */,
				E64B17311B17D136002B389B /* CandidateInfo.swift */,
				E603089E1B1FAC5600FDE9E6 /* CaseType.swift */,
				E68CEC5E1B221C6600C5024C /* Alphabet.swift */,
			);
			name = Model;
			sourceTree = "<group>";
		};
		E60288381B23A369003065BA /* Controller */ = {
			isa = PBXGroup;
			children = (
				E6579F291B13C6A8000212D9 /* QuickJump.swift */,
				E6C713631B16895C00E18014 /* JumpController.swift */,
				E64B172D1B17C40D002B389B /* CandidateLabelsPresenter.swift */,
				E6941F6D1CFCB16700D37404 /* CandidateLabelsInteractor.swift */,
			);
			name = Controller;
			sourceTree = "<group>";
		};
		E60288391B23A37A003065BA /* View */ = {
			isa = PBXGroup;
			children = (
				E694A8791B166B3D0072B0B9 /* SingleCharTextField.swift */,
				E6B9F3631B1CD42B00CCB9F8 /* CandidateLabelType.swift */,
				E6FD2D121B1CD57F00177B71 /* CandidateLabelFactory.swift */,
				E667787B1B20DA230016C708 /* CandidateTextView.swift */,
			);
			name = View;
			sourceTree = "<group>";
		};
		E60857ED1D0470490009D83E /* QuickJumpTests */ = {
			isa = PBXGroup;
			children = (
				E60857EE1D0470490009D83E /* QuickJumpTests.swift */,
				E61D59991D0493B8003A818C /* SequenceUtilsTests.swift */,
				E60857F01D0470490009D83E /* Info.plist */,
			);
			path = QuickJumpTests;
			sourceTree = "<group>";
		};
		E6579F1A1B13C6A8000212D9 = {
			isa = PBXGroup;
			children = (
				E6579F241B13C6A8000212D9 /* QuickJump */,
				E60857ED1D0470490009D83E /* QuickJumpTests */,
				E6579F231B13C6A8000212D9 /* Products */,
			);
			sourceTree = "<group>";
		};
		E6579F231B13C6A8000212D9 /* Products */ = {
			isa = PBXGroup;
			children = (
				E6579F221B13C6A8000212D9 /* QuickJump.xcplugin */,
				E60857EC1D0470490009D83E /* QuickJumpTests.xctest */,
			);
			name = Products;
			sourceTree = "<group>";
		};
		E6579F241B13C6A8000212D9 /* QuickJump */ = {
			isa = PBXGroup;
			children = (
				E60288381B23A369003065BA /* Controller */,
				E65CD2651CF9E9B800F94D84 /* Managers */,
				E60288371B23A34F003065BA /* Model */,
				E60288391B23A37A003065BA /* View */,
				E694A8771B16687D0072B0B9 /* Utils */,
				E673F0521CF7920100567B22 /* Xcode headers */,
				E6579F251B13C6A8000212D9 /* Supporting Files */,
				E6C73D361B13D139001305E0 /* Frameworks */,
			);
			path = QuickJump;
			sourceTree = "<group>";
		};
		E6579F251B13C6A8000212D9 /* Supporting Files */ = {
			isa = PBXGroup;
			children = (
				E6579F261B13C6A8000212D9 /* Info.plist */,
				E6579F271B13C6A8000212D9 /* QuickJump.xcscheme */,
				E6C73D2C1B13CD27001305E0 /* QuickJump-Bridging-Header.h */,
			);
			name = "Supporting Files";
			sourceTree = "<group>";
		};
		E65CD2651CF9E9B800F94D84 /* Managers */ = {
			isa = PBXGroup;
			children = (
				E648D64A1B1FA85000098ED6 /* SettingsManager.swift */,
				E65CD2611CF9DCB800F94D84 /* Storage.swift */,
				E65CD2631CF9DCF700F94D84 /* Coding.swift */,
			);
			name = Managers;
			sourceTree = "<group>";
		};
		E673F0521CF7920100567B22 /* Xcode headers */ = {
			isa = PBXGroup;
			children = (
				E673F0541CF7925200567B22 /* DVTCompletingTextView.h */,
				E673F05D1CF79C6B00567B22 /* DVTTextView.h */,
				E673F0621CF79DD700567B22 /* DVTViewController.h */,
				E66243F51CF7A52F00A0D12C /* IDEEditorContext.h */,
				E66243F61CF7A57A00A0D12C /* IDEEditor.h */,
				E66243F41CF7A4E800A0D12C /* IDEEditorArea.h */,
				E673F0611CF79DC700567B22 /* IDEViewController.h */,
				E673F05F1CF79D8200567B22 /* IDEEditorAreaContainer.h */,
				E673F05E1CF79C8C00567B22 /* IDEWorkspaceWindowController.h */,
				E66243F71CF7A84000A0D12C /* DVTFontAndColorTheme.h */,
				E673F0531CF7922A00567B22 /* DVTSourceTextView.h */,
			);
			name = "Xcode headers";
			sourceTree = "<group>";
		};
		E694A8771B16687D0072B0B9 /* Utils */ = {
			isa = PBXGroup;
			children = (
				E6420C731B163B0B00699FC0 /* NSTextViewUtils.swift */,
				E6C713651B168B7E00E18014 /* DVTSourceTextView.swift */,
				E6C713671B168F7900E18014 /* StringUtils.swift */,
				E6C919271B1BC04000E7236A /* Functions.swift */,
				E64DCE921B1CCF790040EA53 /* SequenceTypeUtils.swift */,
				E678AFD01B98968300FC3FE5 /* NSCharacterSet+Utils.swift */,
				E65C547B1D04EF5E001CB01F /* init.swift */,
			);
			name = Utils;
			sourceTree = "<group>";
		};
		E6C73D361B13D139001305E0 /* Frameworks */ = {
			isa = PBXGroup;
			children = (
				E6C73D341B13CF9D001305E0 /* DVTKit.framework */,
				E6C73D321B13CF97001305E0 /* DVTFoundation.framework */,
				E6C73D2E1B13CF8F001305E0 /* IDEFoundation.framework */,
				E6C73D2F1B13CF8F001305E0 /* IDEKit.framework */,
			);
			name = Frameworks;
			path = ..;
			sourceTree = "<group>";
		};
/* End PBXGroup section */

/* Begin PBXNativeTarget section */
		E60857EB1D0470490009D83E /* QuickJumpTests */ = {
			isa = PBXNativeTarget;
			buildConfigurationList = E60857F31D0470490009D83E /* Build configuration list for PBXNativeTarget "QuickJumpTests" */;
			buildPhases = (
				E60857E81D0470490009D83E /* Sources */,
				E60857E91D0470490009D83E /* Frameworks */,
				E60857EA1D0470490009D83E /* Resources */,
			);
			buildRules = (
			);
			dependencies = (
			);
			name = QuickJumpTests;
			productName = QuickJumpTests;
			productReference = E60857EC1D0470490009D83E /* QuickJumpTests.xctest */;
			productType = "com.apple.product-type.bundle.unit-test";
		};
		E6579F211B13C6A8000212D9 /* QuickJump */ = {
			isa = PBXNativeTarget;
			buildConfigurationList = E6579F2F1B13C6A8000212D9 /* Build configuration list for PBXNativeTarget "QuickJump" */;
			buildPhases = (
				E6579F1F1B13C6A8000212D9 /* Sources */,
				E6579F201B13C6A8000212D9 /* Resources */,
				E6C73D2D1B13CF70001305E0 /* Frameworks */,
			);
			buildRules = (
			);
			dependencies = (
			);
			name = QuickJump;
			productName = QuickJump;
			productReference = E6579F221B13C6A8000212D9 /* QuickJump.xcplugin */;
			productType = "com.apple.product-type.bundle";
		};
/* End PBXNativeTarget section */

/* Begin PBXProject section */
		E6579F1B1B13C6A8000212D9 /* Project object */ = {
			isa = PBXProject;
			attributes = {
				LastSwiftMigration = 0700;
				LastSwiftUpdateCheck = 0720;
				LastUpgradeCheck = 0720;
				ORGANIZATIONNAME = "Victor Shamanov";
				TargetAttributes = {
					E60857EB1D0470490009D83E = {
						CreatedOnToolsVersion = 7.2.1;
					};
					E6579F211B13C6A8000212D9 = {
						CreatedOnToolsVersion = 6.3.1;
					};
				};
			};
			buildConfigurationList = E6579F1E1B13C6A8000212D9 /* Build configuration list for PBXProject "QuickJump" */;
			compatibilityVersion = "Xcode 3.2";
			developmentRegion = English;
			hasScannedForEncodings = 0;
			knownRegions = (
				en,
			);
			mainGroup = E6579F1A1B13C6A8000212D9;
			productRefGroup = E6579F231B13C6A8000212D9 /* Products */;
			projectDirPath = "";
			projectRoot = "";
			targets = (
				E6579F211B13C6A8000212D9 /* QuickJump */,
				E60857EB1D0470490009D83E /* QuickJumpTests */,
			);
		};
/* End PBXProject section */

/* Begin PBXResourcesBuildPhase section */
		E60857EA1D0470490009D83E /* Resources */ = {
			isa = PBXResourcesBuildPhase;
			buildActionMask = 2147483647;
			files = (
			);
			runOnlyForDeploymentPostprocessing = 0;
		};
		E6579F201B13C6A8000212D9 /* Resources */ = {
			isa = PBXResourcesBuildPhase;
			buildActionMask = 2147483647;
			files = (
				E6579F281B13C6A8000212D9 /* QuickJump.xcscheme in Resources */,
			);
			runOnlyForDeploymentPostprocessing = 0;
		};
/* End PBXResourcesBuildPhase section */

/* Begin PBXSourcesBuildPhase section */
		E60857E81D0470490009D83E /* Sources */ = {
			isa = PBXSourcesBuildPhase;
			buildActionMask = 2147483647;
			files = (
				E61D599E1D049979003A818C /* SequenceTypeUtils.swift in Sources */,
				E61D599A1D0493B8003A818C /* SequenceUtilsTests.swift in Sources */,
				E60857EF1D0470490009D83E /* QuickJumpTests.swift in Sources */,
			);
			runOnlyForDeploymentPostprocessing = 0;
		};
		E6579F1F1B13C6A8000212D9 /* Sources */ = {
			isa = PBXSourcesBuildPhase;
			buildActionMask = 2147483647;
			files = (
				E6C713681B168F7900E18014 /* StringUtils.swift in Sources */,
				E65C547C1D04EF5E001CB01F /* init.swift in Sources */,
				E65CD2621CF9DCB800F94D84 /* Storage.swift in Sources */,
				E694A87A1B166B3D0072B0B9 /* SingleCharTextField.swift in Sources */,
				E6C713661B168B7E00E18014 /* DVTSourceTextView.swift in Sources */,
				E6941F6E1CFCB16700D37404 /* CandidateLabelsInteractor.swift in Sources */,
				E6579F2A1B13C6A8000212D9 /* QuickJump.swift in Sources */,
				E6B8D2E61CFA1365005D1AE3 /* IndexesSequence.swift in Sources */,
				E64B172E1B17C40D002B389B /* CandidateLabelsPresenter.swift in Sources */,
				E678AFD11B98968300FC3FE5 /* NSCharacterSet+Utils.swift in Sources */,
				E64DCE931B1CCF790040EA53 /* SequenceTypeUtils.swift in Sources */,
				E603089F1B1FAC5600FDE9E6 /* CaseType.swift in Sources */,
				E65CD2641CF9DCF700F94D84 /* Coding.swift in Sources */,
				E6B9F3641B1CD42B00CCB9F8 /* CandidateLabelType.swift in Sources */,
				E6420C741B163B0B00699FC0 /* NSTextViewUtils.swift in Sources */,
				E648D64B1B1FA85000098ED6 /* SettingsManager.swift in Sources */,
				E64B17321B17D136002B389B /* CandidateInfo.swift in Sources */,
				E64B172A1B17C1C0002B389B /* Candidate.swift in Sources */,
				E6C713641B16895C00E18014 /* JumpController.swift in Sources */,
				E68CEC5F1B221C6600C5024C /* Alphabet.swift in Sources */,
				E6C919281B1BC04000E7236A /* Functions.swift in Sources */,
				E6FD2D131B1CD57F00177B71 /* CandidateLabelFactory.swift in Sources */,
				E667787C1B20DA230016C708 /* CandidateTextView.swift in Sources */,
			);
			runOnlyForDeploymentPostprocessing = 0;
		};
/* End PBXSourcesBuildPhase section */

/* Begin XCBuildConfiguration section */
		E60857F11D0470490009D83E /* Debug */ = {
			isa = XCBuildConfiguration;
			buildSettings = {
				CODE_SIGN_IDENTITY = "-";
				COMBINE_HIDPI_IMAGES = YES;
				DEBUG_INFORMATION_FORMAT = dwarf;
				INFOPLIST_FILE = QuickJumpTests/Info.plist;
				LD_RUNPATH_SEARCH_PATHS = "$(inherited) @executable_path/../Frameworks @loader_path/../Frameworks";
				MACOSX_DEPLOYMENT_TARGET = 10.11;
				PRODUCT_BUNDLE_IDENTIFIER = com.wiruzx.QuickJumpTests;
				PRODUCT_NAME = "$(TARGET_NAME)";
				SDKROOT = macosx;
				SWIFT_OPTIMIZATION_LEVEL = "-Onone";
			};
			name = Debug;
		};
		E60857F21D0470490009D83E /* Release */ = {
			isa = XCBuildConfiguration;
			buildSettings = {
				CODE_SIGN_IDENTITY = "-";
				COMBINE_HIDPI_IMAGES = YES;
				DEBUG_INFORMATION_FORMAT = "dwarf-with-dsym";
				INFOPLIST_FILE = QuickJumpTests/Info.plist;
				LD_RUNPATH_SEARCH_PATHS = "$(inherited) @executable_path/../Frameworks @loader_path/../Frameworks";
				MACOSX_DEPLOYMENT_TARGET = 10.11;
				PRODUCT_BUNDLE_IDENTIFIER = com.wiruzx.QuickJumpTests;
				PRODUCT_NAME = "$(TARGET_NAME)";
				SDKROOT = macosx;
			};
			name = Release;
		};
		E6579F2D1B13C6A8000212D9 /* Debug */ = {
			isa = XCBuildConfiguration;
			buildSettings = {
				ALWAYS_SEARCH_USER_PATHS = NO;
				CLANG_CXX_LANGUAGE_STANDARD = "gnu++0x";
				CLANG_CXX_LIBRARY = "libc++";
				CLANG_ENABLE_MODULES = YES;
				CLANG_ENABLE_OBJC_ARC = YES;
				CLANG_WARN_BOOL_CONVERSION = YES;
				CLANG_WARN_CONSTANT_CONVERSION = YES;
				CLANG_WARN_DIRECT_OBJC_ISA_USAGE = YES_ERROR;
				CLANG_WARN_EMPTY_BODY = YES;
				CLANG_WARN_ENUM_CONVERSION = YES;
				CLANG_WARN_INT_CONVERSION = YES;
				CLANG_WARN_OBJC_ROOT_CLASS = YES_ERROR;
				CLANG_WARN_UNREACHABLE_CODE = YES;
				CLANG_WARN__DUPLICATE_METHOD_MATCH = YES;
				COPY_PHASE_STRIP = NO;
				ENABLE_STRICT_OBJC_MSGSEND = YES;
				ENABLE_TESTABILITY = YES;
				GCC_C_LANGUAGE_STANDARD = gnu99;
				GCC_DYNAMIC_NO_PIC = NO;
				GCC_NO_COMMON_BLOCKS = YES;
				GCC_OPTIMIZATION_LEVEL = 0;
				GCC_PREPROCESSOR_DEFINITIONS = (
					"DEBUG=1",
					"$(inherited)",
				);
				GCC_SYMBOLS_PRIVATE_EXTERN = NO;
				GCC_WARN_64_TO_32_BIT_CONVERSION = YES;
				GCC_WARN_ABOUT_RETURN_TYPE = YES_ERROR;
				GCC_WARN_UNDECLARED_SELECTOR = YES;
				GCC_WARN_UNINITIALIZED_AUTOS = YES_AGGRESSIVE;
				GCC_WARN_UNUSED_FUNCTION = YES;
				GCC_WARN_UNUSED_VARIABLE = YES;
				MTL_ENABLE_DEBUG_INFO = YES;
				ONLY_ACTIVE_ARCH = YES;
			};
			name = Debug;
		};
		E6579F2E1B13C6A8000212D9 /* Release */ = {
			isa = XCBuildConfiguration;
			buildSettings = {
				ALWAYS_SEARCH_USER_PATHS = NO;
				CLANG_CXX_LANGUAGE_STANDARD = "gnu++0x";
				CLANG_CXX_LIBRARY = "libc++";
				CLANG_ENABLE_MODULES = YES;
				CLANG_ENABLE_OBJC_ARC = YES;
				CLANG_WARN_BOOL_CONVERSION = YES;
				CLANG_WARN_CONSTANT_CONVERSION = YES;
				CLANG_WARN_DIRECT_OBJC_ISA_USAGE = YES_ERROR;
				CLANG_WARN_EMPTY_BODY = YES;
				CLANG_WARN_ENUM_CONVERSION = YES;
				CLANG_WARN_INT_CONVERSION = YES;
				CLANG_WARN_OBJC_ROOT_CLASS = YES_ERROR;
				CLANG_WARN_UNREACHABLE_CODE = YES;
				CLANG_WARN__DUPLICATE_METHOD_MATCH = YES;
				COPY_PHASE_STRIP = NO;
				ENABLE_NS_ASSERTIONS = NO;
				ENABLE_STRICT_OBJC_MSGSEND = YES;
				GCC_C_LANGUAGE_STANDARD = gnu99;
				GCC_NO_COMMON_BLOCKS = YES;
				GCC_WARN_64_TO_32_BIT_CONVERSION = YES;
				GCC_WARN_ABOUT_RETURN_TYPE = YES_ERROR;
				GCC_WARN_UNDECLARED_SELECTOR = YES;
				GCC_WARN_UNINITIALIZED_AUTOS = YES_AGGRESSIVE;
				GCC_WARN_UNUSED_FUNCTION = YES;
				GCC_WARN_UNUSED_VARIABLE = YES;
				MTL_ENABLE_DEBUG_INFO = NO;
			};
			name = Release;
		};
		E6579F301B13C6A8000212D9 /* Debug */ = {
			isa = XCBuildConfiguration;
			buildSettings = {
				COMBINE_HIDPI_IMAGES = YES;
				DEPLOYMENT_LOCATION = YES;
				DSTROOT = "$(HOME)";
				EMBEDDED_CONTENT_CONTAINS_SWIFT = YES;
				FRAMEWORK_SEARCH_PATHS = (
					"$(inherited)",
					"$(SYSTEM_APPS_DIR)/Xcode.app/Contents/Frameworks",
					"$(SYSTEM_APPS_DIR)/Xcode.app/Contents/SharedFrameworks",
				);
				INFOPLIST_FILE = QuickJump/Info.plist;
				INSTALL_PATH = "/Library/Application Support/Developer/Shared/Xcode/Plug-ins";
				LD_RUNPATH_SEARCH_PATHS = "$(DT_TOOLCHAIN_DIR)/usr/lib/swift/macosx";
				MACOSX_DEPLOYMENT_TARGET = 10.10;
				PRODUCT_BUNDLE_IDENTIFIER = "com.wiruzx.$(PRODUCT_NAME:rfc1034identifier)";
				PRODUCT_NAME = "$(TARGET_NAME)";
				SWIFT_OBJC_BRIDGING_HEADER = "QuickJump/QuickJump-Bridging-Header.h";
				SWIFT_OPTIMIZATION_LEVEL = "-Owholemodule";
				WRAPPER_EXTENSION = xcplugin;
			};
			name = Debug;
		};
		E6579F311B13C6A8000212D9 /* Release */ = {
			isa = XCBuildConfiguration;
			buildSettings = {
				COMBINE_HIDPI_IMAGES = YES;
				DEPLOYMENT_LOCATION = YES;
				DSTROOT = "$(HOME)";
				EMBEDDED_CONTENT_CONTAINS_SWIFT = YES;
				FRAMEWORK_SEARCH_PATHS = (
					"$(inherited)",
					"$(SYSTEM_APPS_DIR)/Xcode.app/Contents/Frameworks",
					"$(SYSTEM_APPS_DIR)/Xcode.app/Contents/SharedFrameworks",
				);
				INFOPLIST_FILE = QuickJump/Info.plist;
				INSTALL_PATH = "/Library/Application Support/Developer/Shared/Xcode/Plug-ins";
				LD_RUNPATH_SEARCH_PATHS = "$(DT_TOOLCHAIN_DIR)/usr/lib/swift/macosx";
				MACOSX_DEPLOYMENT_TARGET = 10.10;
				PRODUCT_BUNDLE_IDENTIFIER = "com.wiruzx.$(PRODUCT_NAME:rfc1034identifier)";
				PRODUCT_NAME = "$(TARGET_NAME)";
				SWIFT_OBJC_BRIDGING_HEADER = "QuickJump/QuickJump-Bridging-Header.h";
				SWIFT_OPTIMIZATION_LEVEL = "-Owholemodule";
				WRAPPER_EXTENSION = xcplugin;
			};
			name = Release;
		};
/* End XCBuildConfiguration section */

/* Begin XCConfigurationList section */
		E60857F31D0470490009D83E /* Build configuration list for PBXNativeTarget "QuickJumpTests" */ = {
			isa = XCConfigurationList;
			buildConfigurations = (
				E60857F11D0470490009D83E /* Debug */,
				E60857F21D0470490009D83E /* Release */,
			);
			defaultConfigurationIsVisible = 0;
			defaultConfigurationName = Release;
		};
		E6579F1E1B13C6A8000212D9 /* Build configuration list for PBXProject "QuickJump" */ = {
			isa = XCConfigurationList;
			buildConfigurations = (
				E6579F2D1B13C6A8000212D9 /* Debug */,
				E6579F2E1B13C6A8000212D9 /* Release */,
			);
			defaultConfigurationIsVisible = 0;
			defaultConfigurationName = Release;
		};
		E6579F2F1B13C6A8000212D9 /* Build configuration list for PBXNativeTarget "QuickJump" */ = {
			isa = XCConfigurationList;
			buildConfigurations = (
				E6579F301B13C6A8000212D9 /* Debug */,
				E6579F311B13C6A8000212D9 /* Release */,
			);
			defaultConfigurationIsVisible = 0;
			defaultConfigurationName = Release;
		};
/* End XCConfigurationList section */
	};
	rootObject = E6579F1B1B13C6A8000212D9 /* Project object */;
}
